// !$*UTF8*$!
{
	archiveVersion = 1;
	classes = {
	};
	objectVersion = 56;
	objects = {

/* Begin PBXBuildFile section */
		73F8486929A4CBAB008C2964 /* AppDelegate.swift in Sources */ = {isa = PBXBuildFile; fileRef = 73F8486829A4CBAB008C2964 /* AppDelegate.swift */; };
		73F8486B29A4CBAB008C2964 /* SceneDelegate.swift in Sources */ = {isa = PBXBuildFile; fileRef = 73F8486A29A4CBAB008C2964 /* SceneDelegate.swift */; };
		73F8487229A4CBAC008C2964 /* Assets.xcassets in Resources */ = {isa = PBXBuildFile; fileRef = 73F8487129A4CBAC008C2964 /* Assets.xcassets */; };
		73F8487529A4CBAC008C2964 /* LaunchScreen.storyboard in Resources */ = {isa = PBXBuildFile; fileRef = 73F8487329A4CBAC008C2964 /* LaunchScreen.storyboard */; };
		73F8487F29A4CD1E008C2964 /* HomeCoordinator.swift in Sources */ = {isa = PBXBuildFile; fileRef = 73F8487E29A4CD1E008C2964 /* HomeCoordinator.swift */; };
		73F8488129A4CD30008C2964 /* HomeViewController.swift in Sources */ = {isa = PBXBuildFile; fileRef = 73F8488029A4CD30008C2964 /* HomeViewController.swift */; };
		73F8488329A4CD46008C2964 /* HomePresenter.swift in Sources */ = {isa = PBXBuildFile; fileRef = 73F8488229A4CD46008C2964 /* HomePresenter.swift */; };
		73F8488529A4CD55008C2964 /* HomeInteractor.swift in Sources */ = {isa = PBXBuildFile; fileRef = 73F8488429A4CD55008C2964 /* HomeInteractor.swift */; };
		73F8488729A4CD6A008C2964 /* HomeContract.swift in Sources */ = {isa = PBXBuildFile; fileRef = 73F8488629A4CD6A008C2964 /* HomeContract.swift */; };
		73F8488929A4CDDE008C2964 /* HomeView.xib in Resources */ = {isa = PBXBuildFile; fileRef = 73F8488829A4CDDE008C2964 /* HomeView.xib */; };
		73F8488B29A4DCCC008C2964 /* HomeServiceAPIProtocol.swift in Sources */ = {isa = PBXBuildFile; fileRef = 73F8488A29A4DCCC008C2964 /* HomeServiceAPIProtocol.swift */; };
		73F8488E29A4DD7D008C2964 /* BaseContract.swift in Sources */ = {isa = PBXBuildFile; fileRef = 73F8488D29A4DD7D008C2964 /* BaseContract.swift */; };
		73F8489029A4DD96008C2964 /* CustomError.swift in Sources */ = {isa = PBXBuildFile; fileRef = 73F8488F29A4DD96008C2964 /* CustomError.swift */; };
		73F8489229A4DDA4008C2964 /* AlertCustom.swift in Sources */ = {isa = PBXBuildFile; fileRef = 73F8489129A4DDA4008C2964 /* AlertCustom.swift */; };
		73F8489A29A4DF48008C2964 /* AppCoordinator.swift in Sources */ = {isa = PBXBuildFile; fileRef = 73F8489929A4DF48008C2964 /* AppCoordinator.swift */; };
		73F8489C29A4DF84008C2964 /* Coordinator.swift in Sources */ = {isa = PBXBuildFile; fileRef = 73F8489B29A4DF84008C2964 /* Coordinator.swift */; };
		73F8489F29A4E365008C2964 /* ConstantsAPI.swift in Sources */ = {isa = PBXBuildFile; fileRef = 73F8489E29A4E365008C2964 /* ConstantsAPI.swift */; };
		73F848AA29A4E816008C2964 /* HomeCustomCellView.swift in Sources */ = {isa = PBXBuildFile; fileRef = 73F848A229A4E816008C2964 /* HomeCustomCellView.swift */; };
		73F848AB29A4E816008C2964 /* HomeCustomCell.xib in Resources */ = {isa = PBXBuildFile; fileRef = 73F848A329A4E816008C2964 /* HomeCustomCell.xib */; };
		73F848AC29A4E816008C2964 /* DetailPresenter.swift in Sources */ = {isa = PBXBuildFile; fileRef = 73F848A529A4E816008C2964 /* DetailPresenter.swift */; };
		73F848AD29A4E817008C2964 /* DetailViewController.xib in Resources */ = {isa = PBXBuildFile; fileRef = 73F848A629A4E816008C2964 /* DetailViewController.xib */; };
		73F848AE29A4E817008C2964 /* DetailContract.swift in Sources */ = {isa = PBXBuildFile; fileRef = 73F848A729A4E816008C2964 /* DetailContract.swift */; };
		73F848AF29A4E817008C2964 /* DetailInteractor.swift in Sources */ = {isa = PBXBuildFile; fileRef = 73F848A829A4E816008C2964 /* DetailInteractor.swift */; };
		73F848B029A4E817008C2964 /* DetailViewController.swift in Sources */ = {isa = PBXBuildFile; fileRef = 73F848A929A4E816008C2964 /* DetailViewController.swift */; };
		73F848C429A4F0D7008C2964 /* RMOriginAPI.swift in Sources */ = {isa = PBXBuildFile; fileRef = 73F848B329A4F0D7008C2964 /* RMOriginAPI.swift */; };
		73F848C529A4F0D7008C2964 /* ChraracterResponseAPI.swift in Sources */ = {isa = PBXBuildFile; fileRef = 73F848B529A4F0D7008C2964 /* ChraracterResponseAPI.swift */; };
		73F848C629A4F0D7008C2964 /* RMInfoAPI.swift in Sources */ = {isa = PBXBuildFile; fileRef = 73F848B629A4F0D7008C2964 /* RMInfoAPI.swift */; };
		73F848C729A4F0D7008C2964 /* RMCharacterAPI.swift in Sources */ = {isa = PBXBuildFile; fileRef = 73F848B729A4F0D7008C2964 /* RMCharacterAPI.swift */; };
		73F848C829A4F0D7008C2964 /* ServiceAPI.swift in Sources */ = {isa = PBXBuildFile; fileRef = 73F848B929A4F0D7008C2964 /* ServiceAPI.swift */; };
		73F848CB29A4F0D7008C2964 /* RMResultCharacterProtocol.swift in Sources */ = {isa = PBXBuildFile; fileRef = 73F848BF29A4F0D7008C2964 /* RMResultCharacterProtocol.swift */; };
		73F848CC29A4F0D7008C2964 /* RMCharacterAPIProtocol.swift in Sources */ = {isa = PBXBuildFile; fileRef = 73F848C029A4F0D7008C2964 /* RMCharacterAPIProtocol.swift */; };
		73F848CD29A4F0D7008C2964 /* RMInfoProtocol.swift in Sources */ = {isa = PBXBuildFile; fileRef = 73F848C129A4F0D7008C2964 /* RMInfoProtocol.swift */; };
		73F848CE29A4F0D7008C2964 /* RMCharacterServiceAPIContract.swift in Sources */ = {isa = PBXBuildFile; fileRef = 73F848C329A4F0D7008C2964 /* RMCharacterServiceAPIContract.swift */; };
		73F848D229A51460008C2964 /* LoginCoordinator.swift in Sources */ = {isa = PBXBuildFile; fileRef = 73F848D129A51460008C2964 /* LoginCoordinator.swift */; };
		73F848D429A5146F008C2964 /* LoginViewController.swift in Sources */ = {isa = PBXBuildFile; fileRef = 73F848D329A5146F008C2964 /* LoginViewController.swift */; };
		73F848D629A5148F008C2964 /* LoginPresenter.swift in Sources */ = {isa = PBXBuildFile; fileRef = 73F848D529A5148F008C2964 /* LoginPresenter.swift */; };
		73F848D829A514A1008C2964 /* LoginInteractor.swift in Sources */ = {isa = PBXBuildFile; fileRef = 73F848D729A514A1008C2964 /* LoginInteractor.swift */; };
		73F848DA29A514B7008C2964 /* LoginViewController.xib in Resources */ = {isa = PBXBuildFile; fileRef = 73F848D929A514B7008C2964 /* LoginViewController.xib */; };
		73F848DC29A51970008C2964 /* LoginContract.swift in Sources */ = {isa = PBXBuildFile; fileRef = 73F848DB29A51970008C2964 /* LoginContract.swift */; };
/* End PBXBuildFile section */

/* Begin PBXFileReference section */
		73F8486529A4CBAB008C2964 /* VuelingTechHack.app */ = {isa = PBXFileReference; explicitFileType = wrapper.application; includeInIndex = 0; path = VuelingTechHack.app; sourceTree = BUILT_PRODUCTS_DIR; };
		73F8486829A4CBAB008C2964 /* AppDelegate.swift */ = {isa = PBXFileReference; lastKnownFileType = sourcecode.swift; path = AppDelegate.swift; sourceTree = "<group>"; };
		73F8486A29A4CBAB008C2964 /* SceneDelegate.swift */ = {isa = PBXFileReference; lastKnownFileType = sourcecode.swift; path = SceneDelegate.swift; sourceTree = "<group>"; };
		73F8487129A4CBAC008C2964 /* Assets.xcassets */ = {isa = PBXFileReference; lastKnownFileType = folder.assetcatalog; path = Assets.xcassets; sourceTree = "<group>"; };
		73F8487429A4CBAC008C2964 /* Base */ = {isa = PBXFileReference; lastKnownFileType = file.storyboard; name = Base; path = Base.lproj/LaunchScreen.storyboard; sourceTree = "<group>"; };
		73F8487629A4CBAC008C2964 /* Info.plist */ = {isa = PBXFileReference; lastKnownFileType = text.plist.xml; path = Info.plist; sourceTree = "<group>"; };
		73F8487E29A4CD1E008C2964 /* HomeCoordinator.swift */ = {isa = PBXFileReference; lastKnownFileType = sourcecode.swift; path = HomeCoordinator.swift; sourceTree = "<group>"; };
		73F8488029A4CD30008C2964 /* HomeViewController.swift */ = {isa = PBXFileReference; lastKnownFileType = sourcecode.swift; path = HomeViewController.swift; sourceTree = "<group>"; };
		73F8488229A4CD46008C2964 /* HomePresenter.swift */ = {isa = PBXFileReference; lastKnownFileType = sourcecode.swift; path = HomePresenter.swift; sourceTree = "<group>"; };
		73F8488429A4CD55008C2964 /* HomeInteractor.swift */ = {isa = PBXFileReference; lastKnownFileType = sourcecode.swift; path = HomeInteractor.swift; sourceTree = "<group>"; };
		73F8488629A4CD6A008C2964 /* HomeContract.swift */ = {isa = PBXFileReference; lastKnownFileType = sourcecode.swift; path = HomeContract.swift; sourceTree = "<group>"; };
		73F8488829A4CDDE008C2964 /* HomeView.xib */ = {isa = PBXFileReference; lastKnownFileType = file.xib; path = HomeView.xib; sourceTree = "<group>"; };
		73F8488A29A4DCCC008C2964 /* HomeServiceAPIProtocol.swift */ = {isa = PBXFileReference; lastKnownFileType = sourcecode.swift; path = HomeServiceAPIProtocol.swift; sourceTree = "<group>"; };
		73F8488D29A4DD7D008C2964 /* BaseContract.swift */ = {isa = PBXFileReference; lastKnownFileType = sourcecode.swift; path = BaseContract.swift; sourceTree = "<group>"; };
		73F8488F29A4DD96008C2964 /* CustomError.swift */ = {isa = PBXFileReference; lastKnownFileType = sourcecode.swift; path = CustomError.swift; sourceTree = "<group>"; };
		73F8489129A4DDA4008C2964 /* AlertCustom.swift */ = {isa = PBXFileReference; lastKnownFileType = sourcecode.swift; path = AlertCustom.swift; sourceTree = "<group>"; };
		73F8489929A4DF48008C2964 /* AppCoordinator.swift */ = {isa = PBXFileReference; lastKnownFileType = sourcecode.swift; path = AppCoordinator.swift; sourceTree = "<group>"; };
		73F8489B29A4DF84008C2964 /* Coordinator.swift */ = {isa = PBXFileReference; lastKnownFileType = sourcecode.swift; path = Coordinator.swift; sourceTree = "<group>"; };
		73F8489E29A4E365008C2964 /* ConstantsAPI.swift */ = {isa = PBXFileReference; lastKnownFileType = sourcecode.swift; path = ConstantsAPI.swift; sourceTree = "<group>"; };
		73F848A229A4E816008C2964 /* HomeCustomCellView.swift */ = {isa = PBXFileReference; fileEncoding = 4; lastKnownFileType = sourcecode.swift; path = HomeCustomCellView.swift; sourceTree = "<group>"; };
		73F848A329A4E816008C2964 /* HomeCustomCell.xib */ = {isa = PBXFileReference; fileEncoding = 4; lastKnownFileType = file.xib; path = HomeCustomCell.xib; sourceTree = "<group>"; };
		73F848A529A4E816008C2964 /* DetailPresenter.swift */ = {isa = PBXFileReference; fileEncoding = 4; lastKnownFileType = sourcecode.swift; path = DetailPresenter.swift; sourceTree = "<group>"; };
		73F848A629A4E816008C2964 /* DetailViewController.xib */ = {isa = PBXFileReference; fileEncoding = 4; lastKnownFileType = file.xib; path = DetailViewController.xib; sourceTree = "<group>"; };
		73F848A729A4E816008C2964 /* DetailContract.swift */ = {isa = PBXFileReference; fileEncoding = 4; lastKnownFileType = sourcecode.swift; path = DetailContract.swift; sourceTree = "<group>"; };
		73F848A829A4E816008C2964 /* DetailInteractor.swift */ = {isa = PBXFileReference; fileEncoding = 4; lastKnownFileType = sourcecode.swift; path = DetailInteractor.swift; sourceTree = "<group>"; };
		73F848A929A4E816008C2964 /* DetailViewController.swift */ = {isa = PBXFileReference; fileEncoding = 4; lastKnownFileType = sourcecode.swift; path = DetailViewController.swift; sourceTree = "<group>"; };
		73F848B329A4F0D7008C2964 /* RMOriginAPI.swift */ = {isa = PBXFileReference; fileEncoding = 4; lastKnownFileType = sourcecode.swift; path = RMOriginAPI.swift; sourceTree = "<group>"; };
		73F848B529A4F0D7008C2964 /* ChraracterResponseAPI.swift */ = {isa = PBXFileReference; fileEncoding = 4; lastKnownFileType = sourcecode.swift; path = ChraracterResponseAPI.swift; sourceTree = "<group>"; };
		73F848B629A4F0D7008C2964 /* RMInfoAPI.swift */ = {isa = PBXFileReference; fileEncoding = 4; lastKnownFileType = sourcecode.swift; path = RMInfoAPI.swift; sourceTree = "<group>"; };
		73F848B729A4F0D7008C2964 /* RMCharacterAPI.swift */ = {isa = PBXFileReference; fileEncoding = 4; lastKnownFileType = sourcecode.swift; path = RMCharacterAPI.swift; sourceTree = "<group>"; };
		73F848B929A4F0D7008C2964 /* ServiceAPI.swift */ = {isa = PBXFileReference; fileEncoding = 4; lastKnownFileType = sourcecode.swift; path = ServiceAPI.swift; sourceTree = "<group>"; };
		73F848BF29A4F0D7008C2964 /* RMResultCharacterProtocol.swift */ = {isa = PBXFileReference; fileEncoding = 4; lastKnownFileType = sourcecode.swift; path = RMResultCharacterProtocol.swift; sourceTree = "<group>"; };
		73F848C029A4F0D7008C2964 /* RMCharacterAPIProtocol.swift */ = {isa = PBXFileReference; fileEncoding = 4; lastKnownFileType = sourcecode.swift; path = RMCharacterAPIProtocol.swift; sourceTree = "<group>"; };
		73F848C129A4F0D7008C2964 /* RMInfoProtocol.swift */ = {isa = PBXFileReference; fileEncoding = 4; lastKnownFileType = sourcecode.swift; path = RMInfoProtocol.swift; sourceTree = "<group>"; };
		73F848C329A4F0D7008C2964 /* RMCharacterServiceAPIContract.swift */ = {isa = PBXFileReference; fileEncoding = 4; lastKnownFileType = sourcecode.swift; path = RMCharacterServiceAPIContract.swift; sourceTree = "<group>"; };
		73F848D129A51460008C2964 /* LoginCoordinator.swift */ = {isa = PBXFileReference; lastKnownFileType = sourcecode.swift; path = LoginCoordinator.swift; sourceTree = "<group>"; };
		73F848D329A5146F008C2964 /* LoginViewController.swift */ = {isa = PBXFileReference; lastKnownFileType = sourcecode.swift; path = LoginViewController.swift; sourceTree = "<group>"; };
		73F848D529A5148F008C2964 /* LoginPresenter.swift */ = {isa = PBXFileReference; lastKnownFileType = sourcecode.swift; path = LoginPresenter.swift; sourceTree = "<group>"; };
		73F848D729A514A1008C2964 /* LoginInteractor.swift */ = {isa = PBXFileReference; lastKnownFileType = sourcecode.swift; path = LoginInteractor.swift; sourceTree = "<group>"; };
		73F848D929A514B7008C2964 /* LoginViewController.xib */ = {isa = PBXFileReference; lastKnownFileType = file.xib; path = LoginViewController.xib; sourceTree = "<group>"; };
		73F848DB29A51970008C2964 /* LoginContract.swift */ = {isa = PBXFileReference; lastKnownFileType = sourcecode.swift; path = LoginContract.swift; sourceTree = "<group>"; };
/* End PBXFileReference section */

/* Begin PBXFrameworksBuildPhase section */
		73F8486229A4CBAB008C2964 /* Frameworks */ = {
			isa = PBXFrameworksBuildPhase;
			buildActionMask = 2147483647;
			files = (
			);
			runOnlyForDeploymentPostprocessing = 0;
		};
/* End PBXFrameworksBuildPhase section */

/* Begin PBXGroup section */
		73F8485C29A4CBAB008C2964 = {
			isa = PBXGroup;
			children = (
				73F8486729A4CBAB008C2964 /* VuelingTechHack */,
				73F8486629A4CBAB008C2964 /* Products */,
			);
			sourceTree = "<group>";
		};
		73F8486629A4CBAB008C2964 /* Products */ = {
			isa = PBXGroup;
			children = (
				73F8486529A4CBAB008C2964 /* VuelingTechHack.app */,
			);
			name = Products;
			sourceTree = "<group>";
		};
		73F8486729A4CBAB008C2964 /* VuelingTechHack */ = {
			isa = PBXGroup;
			children = (
				73F848B129A4F0D7008C2964 /* API */,
				73F8489D29A4E344008C2964 /* Constants */,
				73F8489529A4DDF0008C2964 /* Assets */,
				73F8489329A4DDBF008C2964 /* App */,
				73F8488C29A4DD58008C2964 /* Bases */,
				73F8487C29A4CCA1008C2964 /* Screens */,
				73F8487629A4CBAC008C2964 /* Info.plist */,
			);
			path = VuelingTechHack;
			sourceTree = "<group>";
		};
		73F8487C29A4CCA1008C2964 /* Screens */ = {
			isa = PBXGroup;
			children = (
				73F848D029A5130D008C2964 /* Login */,
				73F8487D29A4CCC5008C2964 /* Home */,
			);
			path = Screens;
			sourceTree = "<group>";
		};
		73F8487D29A4CCC5008C2964 /* Home */ = {
			isa = PBXGroup;
			children = (
				73F848A129A4E816008C2964 /* Cell */,
				73F848A429A4E816008C2964 /* DetailCharacter */,
				73F8487E29A4CD1E008C2964 /* HomeCoordinator.swift */,
				73F8488029A4CD30008C2964 /* HomeViewController.swift */,
				73F8488229A4CD46008C2964 /* HomePresenter.swift */,
				73F8488429A4CD55008C2964 /* HomeInteractor.swift */,
				73F8488629A4CD6A008C2964 /* HomeContract.swift */,
				73F8488829A4CDDE008C2964 /* HomeView.xib */,
				73F8488A29A4DCCC008C2964 /* HomeServiceAPIProtocol.swift */,
			);
			path = Home;
			sourceTree = "<group>";
		};
		73F8488C29A4DD58008C2964 /* Bases */ = {
			isa = PBXGroup;
			children = (
				73F8488D29A4DD7D008C2964 /* BaseContract.swift */,
				73F8488F29A4DD96008C2964 /* CustomError.swift */,
				73F8489129A4DDA4008C2964 /* AlertCustom.swift */,
			);
			path = Bases;
			sourceTree = "<group>";
		};
		73F8489329A4DDBF008C2964 /* App */ = {
			isa = PBXGroup;
			children = (
				73F8489829A4DF39008C2964 /* Coordinator */,
				73F8486829A4CBAB008C2964 /* AppDelegate.swift */,
				73F8486A29A4CBAB008C2964 /* SceneDelegate.swift */,
			);
			path = App;
			sourceTree = "<group>";
		};
		73F8489529A4DDF0008C2964 /* Assets */ = {
			isa = PBXGroup;
			children = (
				73F8489729A4DE98008C2964 /* Images */,
				73F8489629A4DE02008C2964 /* Interface */,
			);
			path = Assets;
			sourceTree = "<group>";
		};
		73F8489629A4DE02008C2964 /* Interface */ = {
			isa = PBXGroup;
			children = (
				73F8487329A4CBAC008C2964 /* LaunchScreen.storyboard */,
			);
			path = Interface;
			sourceTree = "<group>";
		};
		73F8489729A4DE98008C2964 /* Images */ = {
			isa = PBXGroup;
			children = (
				73F8487129A4CBAC008C2964 /* Assets.xcassets */,
			);
			path = Images;
			sourceTree = "<group>";
		};
		73F8489829A4DF39008C2964 /* Coordinator */ = {
			isa = PBXGroup;
			children = (
				73F8489929A4DF48008C2964 /* AppCoordinator.swift */,
				73F8489B29A4DF84008C2964 /* Coordinator.swift */,
			);
			path = Coordinator;
			sourceTree = "<group>";
		};
		73F8489D29A4E344008C2964 /* Constants */ = {
			isa = PBXGroup;
			children = (
				73F8489E29A4E365008C2964 /* ConstantsAPI.swift */,
			);
			path = Constants;
			sourceTree = "<group>";
		};
		73F848A129A4E816008C2964 /* Cell */ = {
			isa = PBXGroup;
			children = (
				73F848A229A4E816008C2964 /* HomeCustomCellView.swift */,
				73F848A329A4E816008C2964 /* HomeCustomCell.xib */,
			);
			path = Cell;
			sourceTree = "<group>";
		};
		73F848A429A4E816008C2964 /* DetailCharacter */ = {
			isa = PBXGroup;
			children = (
				73F848A529A4E816008C2964 /* DetailPresenter.swift */,
				73F848A629A4E816008C2964 /* DetailViewController.xib */,
				73F848A729A4E816008C2964 /* DetailContract.swift */,
				73F848A829A4E816008C2964 /* DetailInteractor.swift */,
				73F848A929A4E816008C2964 /* DetailViewController.swift */,
			);
			path = DetailCharacter;
			sourceTree = "<group>";
		};
		73F848B129A4F0D7008C2964 /* API */ = {
			isa = PBXGroup;
			children = (
				73F848B229A4F0D7008C2964 /* Model */,
				73F848B829A4F0D7008C2964 /* RickMortyService */,
				73F848BA29A4F0D7008C2964 /* Domain */,
			);
			path = API;
			sourceTree = "<group>";
		};
		73F848B229A4F0D7008C2964 /* Model */ = {
			isa = PBXGroup;
			children = (
				73F848B329A4F0D7008C2964 /* RMOriginAPI.swift */,
				73F848B429A4F0D7008C2964 /* ResponseAPI */,
				73F848B629A4F0D7008C2964 /* RMInfoAPI.swift */,
				73F848B729A4F0D7008C2964 /* RMCharacterAPI.swift */,
			);
			path = Model;
			sourceTree = "<group>";
		};
		73F848B429A4F0D7008C2964 /* ResponseAPI */ = {
			isa = PBXGroup;
			children = (
				73F848B529A4F0D7008C2964 /* ChraracterResponseAPI.swift */,
			);
			path = ResponseAPI;
			sourceTree = "<group>";
		};
		73F848B829A4F0D7008C2964 /* RickMortyService */ = {
			isa = PBXGroup;
			children = (
				73F848B929A4F0D7008C2964 /* ServiceAPI.swift */,
			);
			path = RickMortyService;
			sourceTree = "<group>";
		};
		73F848BA29A4F0D7008C2964 /* Domain */ = {
			isa = PBXGroup;
			children = (
				73F848BB29A4F0D7008C2964 /* Model */,
				73F848C229A4F0D7008C2964 /* Service */,
			);
			path = Domain;
			sourceTree = "<group>";
		};
		73F848BB29A4F0D7008C2964 /* Model */ = {
			isa = PBXGroup;
			children = (
				73F848BC29A4F0D7008C2964 /* Results */,
				73F848C029A4F0D7008C2964 /* RMCharacterAPIProtocol.swift */,
				73F848C129A4F0D7008C2964 /* RMInfoProtocol.swift */,
			);
			path = Model;
			sourceTree = "<group>";
		};
		73F848BC29A4F0D7008C2964 /* Results */ = {
			isa = PBXGroup;
			children = (
				73F848BF29A4F0D7008C2964 /* RMResultCharacterProtocol.swift */,
			);
			path = Results;
			sourceTree = "<group>";
		};
		73F848C229A4F0D7008C2964 /* Service */ = {
			isa = PBXGroup;
			children = (
				73F848C329A4F0D7008C2964 /* RMCharacterServiceAPIContract.swift */,
			);
			path = Service;
			sourceTree = "<group>";
		};
		73F848D029A5130D008C2964 /* Login */ = {
			isa = PBXGroup;
			children = (
				73F848D129A51460008C2964 /* LoginCoordinator.swift */,
				73F848D329A5146F008C2964 /* LoginViewController.swift */,
				73F848D529A5148F008C2964 /* LoginPresenter.swift */,
				73F848D729A514A1008C2964 /* LoginInteractor.swift */,
				73F848D929A514B7008C2964 /* LoginViewController.xib */,
				73F848DB29A51970008C2964 /* LoginContract.swift */,
			);
			path = Login;
			sourceTree = "<group>";
		};
/* End PBXGroup section */

/* Begin PBXNativeTarget section */
		73F8486429A4CBAB008C2964 /* VuelingTechHack */ = {
			isa = PBXNativeTarget;
			buildConfigurationList = 73F8487929A4CBAC008C2964 /* Build configuration list for PBXNativeTarget "VuelingTechHack" */;
			buildPhases = (
				73F8486129A4CBAB008C2964 /* Sources */,
				73F8486229A4CBAB008C2964 /* Frameworks */,
				73F8486329A4CBAB008C2964 /* Resources */,
			);
			buildRules = (
			);
			dependencies = (
			);
			name = VuelingTechHack;
			productName = VuelingTechHack;
			productReference = 73F8486529A4CBAB008C2964 /* VuelingTechHack.app */;
			productType = "com.apple.product-type.application";
		};
/* End PBXNativeTarget section */

/* Begin PBXProject section */
		73F8485D29A4CBAB008C2964 /* Project object */ = {
			isa = PBXProject;
			attributes = {
				BuildIndependentTargetsInParallel = 1;
				LastSwiftUpdateCheck = 1410;
				LastUpgradeCheck = 1410;
				TargetAttributes = {
					73F8486429A4CBAB008C2964 = {
						CreatedOnToolsVersion = 14.1;
					};
				};
			};
			buildConfigurationList = 73F8486029A4CBAB008C2964 /* Build configuration list for PBXProject "VuelingTechHack" */;
			compatibilityVersion = "Xcode 14.0";
			developmentRegion = en;
			hasScannedForEncodings = 0;
			knownRegions = (
				en,
				Base,
			);
			mainGroup = 73F8485C29A4CBAB008C2964;
			productRefGroup = 73F8486629A4CBAB008C2964 /* Products */;
			projectDirPath = "";
			projectRoot = "";
			targets = (
				73F8486429A4CBAB008C2964 /* VuelingTechHack */,
			);
		};
/* End PBXProject section */

/* Begin PBXResourcesBuildPhase section */
		73F8486329A4CBAB008C2964 /* Resources */ = {
			isa = PBXResourcesBuildPhase;
			buildActionMask = 2147483647;
			files = (
				73F8487529A4CBAC008C2964 /* LaunchScreen.storyboard in Resources */,
				73F848AB29A4E816008C2964 /* HomeCustomCell.xib in Resources */,
				73F848DA29A514B7008C2964 /* LoginViewController.xib in Resources */,
				73F848AD29A4E817008C2964 /* DetailViewController.xib in Resources */,
				73F8488929A4CDDE008C2964 /* HomeView.xib in Resources */,
				73F8487229A4CBAC008C2964 /* Assets.xcassets in Resources */,
			);
			runOnlyForDeploymentPostprocessing = 0;
		};
/* End PBXResourcesBuildPhase section */

/* Begin PBXSourcesBuildPhase section */
		73F8486129A4CBAB008C2964 /* Sources */ = {
			isa = PBXSourcesBuildPhase;
			buildActionMask = 2147483647;
			files = (
				73F8489A29A4DF48008C2964 /* AppCoordinator.swift in Sources */,
				73F848CD29A4F0D7008C2964 /* RMInfoProtocol.swift in Sources */,
				73F848AC29A4E816008C2964 /* DetailPresenter.swift in Sources */,
				73F8488129A4CD30008C2964 /* HomeViewController.swift in Sources */,
				73F848D829A514A1008C2964 /* LoginInteractor.swift in Sources */,
				73F848C629A4F0D7008C2964 /* RMInfoAPI.swift in Sources */,
				73F848C729A4F0D7008C2964 /* RMCharacterAPI.swift in Sources */,
				73F8489C29A4DF84008C2964 /* Coordinator.swift in Sources */,
				73F848C529A4F0D7008C2964 /* ChraracterResponseAPI.swift in Sources */,
				73F848B029A4E817008C2964 /* DetailViewController.swift in Sources */,
				73F848CB29A4F0D7008C2964 /* RMResultCharacterProtocol.swift in Sources */,
				73F8487F29A4CD1E008C2964 /* HomeCoordinator.swift in Sources */,
				73F8488329A4CD46008C2964 /* HomePresenter.swift in Sources */,
				73F848DC29A51970008C2964 /* LoginContract.swift in Sources */,
				73F8488729A4CD6A008C2964 /* HomeContract.swift in Sources */,
				73F8486929A4CBAB008C2964 /* AppDelegate.swift in Sources */,
				73F8488E29A4DD7D008C2964 /* BaseContract.swift in Sources */,
				73F848CC29A4F0D7008C2964 /* RMCharacterAPIProtocol.swift in Sources */,
				73F848C829A4F0D7008C2964 /* ServiceAPI.swift in Sources */,
				73F848D429A5146F008C2964 /* LoginViewController.swift in Sources */,
				73F848D629A5148F008C2964 /* LoginPresenter.swift in Sources */,
				73F8489229A4DDA4008C2964 /* AlertCustom.swift in Sources */,
				73F848CE29A4F0D7008C2964 /* RMCharacterServiceAPIContract.swift in Sources */,
				73F8489029A4DD96008C2964 /* CustomError.swift in Sources */,
				73F848D229A51460008C2964 /* LoginCoordinator.swift in Sources */,
				73F8488B29A4DCCC008C2964 /* HomeServiceAPIProtocol.swift in Sources */,
				73F848C429A4F0D7008C2964 /* RMOriginAPI.swift in Sources */,
				73F8486B29A4CBAB008C2964 /* SceneDelegate.swift in Sources */,
				73F848AE29A4E817008C2964 /* DetailContract.swift in Sources */,
				73F8489F29A4E365008C2964 /* ConstantsAPI.swift in Sources */,
				73F848AF29A4E817008C2964 /* DetailInteractor.swift in Sources */,
				73F848AA29A4E816008C2964 /* HomeCustomCellView.swift in Sources */,
				73F8488529A4CD55008C2964 /* HomeInteractor.swift in Sources */,
			);
			runOnlyForDeploymentPostprocessing = 0;
		};
/* End PBXSourcesBuildPhase section */

/* Begin PBXVariantGroup section */
		73F8487329A4CBAC008C2964 /* LaunchScreen.storyboard */ = {
			isa = PBXVariantGroup;
			children = (
				73F8487429A4CBAC008C2964 /* Base */,
			);
			name = LaunchScreen.storyboard;
			sourceTree = "<group>";
		};
/* End PBXVariantGroup section */

/* Begin XCBuildConfiguration section */
		73F8487729A4CBAC008C2964 /* Debug */ = {
			isa = XCBuildConfiguration;
			buildSettings = {
				ALWAYS_SEARCH_USER_PATHS = NO;
				CLANG_ANALYZER_NONNULL = YES;
				CLANG_ANALYZER_NUMBER_OBJECT_CONVERSION = YES_AGGRESSIVE;
				CLANG_CXX_LANGUAGE_STANDARD = "gnu++20";
				CLANG_ENABLE_MODULES = YES;
				CLANG_ENABLE_OBJC_ARC = YES;
				CLANG_ENABLE_OBJC_WEAK = YES;
				CLANG_WARN_BLOCK_CAPTURE_AUTORELEASING = YES;
				CLANG_WARN_BOOL_CONVERSION = YES;
				CLANG_WARN_COMMA = YES;
				CLANG_WARN_CONSTANT_CONVERSION = YES;
				CLANG_WARN_DEPRECATED_OBJC_IMPLEMENTATIONS = YES;
				CLANG_WARN_DIRECT_OBJC_ISA_USAGE = YES_ERROR;
				CLANG_WARN_DOCUMENTATION_COMMENTS = YES;
				CLANG_WARN_EMPTY_BODY = YES;
				CLANG_WARN_ENUM_CONVERSION = YES;
				CLANG_WARN_INFINITE_RECURSION = YES;
				CLANG_WARN_INT_CONVERSION = YES;
				CLANG_WARN_NON_LITERAL_NULL_CONVERSION = YES;
				CLANG_WARN_OBJC_IMPLICIT_RETAIN_SELF = YES;
				CLANG_WARN_OBJC_LITERAL_CONVERSION = YES;
				CLANG_WARN_OBJC_ROOT_CLASS = YES_ERROR;
				CLANG_WARN_QUOTED_INCLUDE_IN_FRAMEWORK_HEADER = YES;
				CLANG_WARN_RANGE_LOOP_ANALYSIS = YES;
				CLANG_WARN_STRICT_PROTOTYPES = YES;
				CLANG_WARN_SUSPICIOUS_MOVE = YES;
				CLANG_WARN_UNGUARDED_AVAILABILITY = YES_AGGRESSIVE;
				CLANG_WARN_UNREACHABLE_CODE = YES;
				CLANG_WARN__DUPLICATE_METHOD_MATCH = YES;
				COPY_PHASE_STRIP = NO;
				DEBUG_INFORMATION_FORMAT = dwarf;
				ENABLE_STRICT_OBJC_MSGSEND = YES;
				ENABLE_TESTABILITY = YES;
				GCC_C_LANGUAGE_STANDARD = gnu11;
				GCC_DYNAMIC_NO_PIC = NO;
				GCC_NO_COMMON_BLOCKS = YES;
				GCC_OPTIMIZATION_LEVEL = 0;
				GCC_PREPROCESSOR_DEFINITIONS = (
					"DEBUG=1",
					"$(inherited)",
				);
				GCC_WARN_64_TO_32_BIT_CONVERSION = YES;
				GCC_WARN_ABOUT_RETURN_TYPE = YES_ERROR;
				GCC_WARN_UNDECLARED_SELECTOR = YES;
				GCC_WARN_UNINITIALIZED_AUTOS = YES_AGGRESSIVE;
				GCC_WARN_UNUSED_FUNCTION = YES;
				GCC_WARN_UNUSED_VARIABLE = YES;
				IPHONEOS_DEPLOYMENT_TARGET = 16.1;
				MTL_ENABLE_DEBUG_INFO = INCLUDE_SOURCE;
				MTL_FAST_MATH = YES;
				ONLY_ACTIVE_ARCH = YES;
				SDKROOT = iphoneos;
				SWIFT_ACTIVE_COMPILATION_CONDITIONS = DEBUG;
				SWIFT_OPTIMIZATION_LEVEL = "-Onone";
			};
			name = Debug;
		};
		73F8487829A4CBAC008C2964 /* Release */ = {
			isa = XCBuildConfiguration;
			buildSettings = {
				ALWAYS_SEARCH_USER_PATHS = NO;
				CLANG_ANALYZER_NONNULL = YES;
				CLANG_ANALYZER_NUMBER_OBJECT_CONVERSION = YES_AGGRESSIVE;
				CLANG_CXX_LANGUAGE_STANDARD = "gnu++20";
				CLANG_ENABLE_MODULES = YES;
				CLANG_ENABLE_OBJC_ARC = YES;
				CLANG_ENABLE_OBJC_WEAK = YES;
				CLANG_WARN_BLOCK_CAPTURE_AUTORELEASING = YES;
				CLANG_WARN_BOOL_CONVERSION = YES;
				CLANG_WARN_COMMA = YES;
				CLANG_WARN_CONSTANT_CONVERSION = YES;
				CLANG_WARN_DEPRECATED_OBJC_IMPLEMENTATIONS = YES;
				CLANG_WARN_DIRECT_OBJC_ISA_USAGE = YES_ERROR;
				CLANG_WARN_DOCUMENTATION_COMMENTS = YES;
				CLANG_WARN_EMPTY_BODY = YES;
				CLANG_WARN_ENUM_CONVERSION = YES;
				CLANG_WARN_INFINITE_RECURSION = YES;
				CLANG_WARN_INT_CONVERSION = YES;
				CLANG_WARN_NON_LITERAL_NULL_CONVERSION = YES;
				CLANG_WARN_OBJC_IMPLICIT_RETAIN_SELF = YES;
				CLANG_WARN_OBJC_LITERAL_CONVERSION = YES;
				CLANG_WARN_OBJC_ROOT_CLASS = YES_ERROR;
				CLANG_WARN_QUOTED_INCLUDE_IN_FRAMEWORK_HEADER = YES;
				CLANG_WARN_RANGE_LOOP_ANALYSIS = YES;
				CLANG_WARN_STRICT_PROTOTYPES = YES;
				CLANG_WARN_SUSPICIOUS_MOVE = YES;
				CLANG_WARN_UNGUARDED_AVAILABILITY = YES_AGGRESSIVE;
				CLANG_WARN_UNREACHABLE_CODE = YES;
				CLANG_WARN__DUPLICATE_METHOD_MATCH = YES;
				COPY_PHASE_STRIP = NO;
				DEBUG_INFORMATION_FORMAT = "dwarf-with-dsym";
				ENABLE_NS_ASSERTIONS = NO;
				ENABLE_STRICT_OBJC_MSGSEND = YES;
				GCC_C_LANGUAGE_STANDARD = gnu11;
				GCC_NO_COMMON_BLOCKS = YES;
				GCC_WARN_64_TO_32_BIT_CONVERSION = YES;
				GCC_WARN_ABOUT_RETURN_TYPE = YES_ERROR;
				GCC_WARN_UNDECLARED_SELECTOR = YES;
				GCC_WARN_UNINITIALIZED_AUTOS = YES_AGGRESSIVE;
				GCC_WARN_UNUSED_FUNCTION = YES;
				GCC_WARN_UNUSED_VARIABLE = YES;
				IPHONEOS_DEPLOYMENT_TARGET = 16.1;
				MTL_ENABLE_DEBUG_INFO = NO;
				MTL_FAST_MATH = YES;
				SDKROOT = iphoneos;
				SWIFT_COMPILATION_MODE = wholemodule;
				SWIFT_OPTIMIZATION_LEVEL = "-O";
				VALIDATE_PRODUCT = YES;
			};
			name = Release;
		};
		73F8487A29A4CBAC008C2964 /* Debug */ = {
			isa = XCBuildConfiguration;
			buildSettings = {
				ASSETCATALOG_COMPILER_APPICON_NAME = AppIcon;
				ASSETCATALOG_COMPILER_GLOBAL_ACCENT_COLOR_NAME = AccentColor;
				CODE_SIGN_STYLE = Automatic;
				CURRENT_PROJECT_VERSION = 1;
				GENERATE_INFOPLIST_FILE = YES;
				INFOPLIST_FILE = VuelingTechHack/Info.plist;
				INFOPLIST_KEY_UIApplicationSupportsIndirectInputEvents = YES;
				INFOPLIST_KEY_UILaunchStoryboardName = LaunchScreen;
				INFOPLIST_KEY_UIMainStoryboardFile = "";
				INFOPLIST_KEY_UISupportedInterfaceOrientations_iPad = "UIInterfaceOrientationPortrait UIInterfaceOrientationPortraitUpsideDown UIInterfaceOrientationLandscapeLeft UIInterfaceOrientationLandscapeRight";
				INFOPLIST_KEY_UISupportedInterfaceOrientations_iPhone = "UIInterfaceOrientationPortrait UIInterfaceOrientationLandscapeLeft UIInterfaceOrientationLandscapeRight";
				LD_RUNPATH_SEARCH_PATHS = (
					"$(inherited)",
					"@executable_path/Frameworks",
				);
				MARKETING_VERSION = 1.0;
				PRODUCT_BUNDLE_IDENTIFIER = com.vueling.VuelingTechHack;
				PRODUCT_NAME = "$(TARGET_NAME)";
				SWIFT_EMIT_LOC_STRINGS = YES;
				SWIFT_VERSION = 5.0;
				TARGETED_DEVICE_FAMILY = "1,2";
			};
			name = Debug;
		};
		73F8487B29A4CBAC008C2964 /* Release */ = {
			isa = XCBuildConfiguration;
			buildSettings = {
				ASSETCATALOG_COMPILER_APPICON_NAME = AppIcon;
				ASSETCATALOG_COMPILER_GLOBAL_ACCENT_COLOR_NAME = AccentColor;
				CODE_SIGN_STYLE = Automatic;
				CURRENT_PROJECT_VERSION = 1;
				GENERATE_INFOPLIST_FILE = YES;
				INFOPLIST_FILE = VuelingTechHack/Info.plist;
				INFOPLIST_KEY_UIApplicationSupportsIndirectInputEvents = YES;
				INFOPLIST_KEY_UILaunchStoryboardName = LaunchScreen;
				INFOPLIST_KEY_UIMainStoryboardFile = "";
				INFOPLIST_KEY_UISupportedInterfaceOrientations_iPad = "UIInterfaceOrientationPortrait UIInterfaceOrientationPortraitUpsideDown UIInterfaceOrientationLandscapeLeft UIInterfaceOrientationLandscapeRight";
				INFOPLIST_KEY_UISupportedInterfaceOrientations_iPhone = "UIInterfaceOrientationPortrait UIInterfaceOrientationLandscapeLeft UIInterfaceOrientationLandscapeRight";
				LD_RUNPATH_SEARCH_PATHS = (
					"$(inherited)",
					"@executable_path/Frameworks",
				);
				MARKETING_VERSION = 1.0;
				PRODUCT_BUNDLE_IDENTIFIER = com.vueling.VuelingTechHack;
				PRODUCT_NAME = "$(TARGET_NAME)";
				SWIFT_EMIT_LOC_STRINGS = YES;
				SWIFT_VERSION = 5.0;
				TARGETED_DEVICE_FAMILY = "1,2";
			};
			name = Release;
		};
/* End XCBuildConfiguration section */

/* Begin XCConfigurationList section */
		73F8486029A4CBAB008C2964 /* Build configuration list for PBXProject "VuelingTechHack" */ = {
			isa = XCConfigurationList;
			buildConfigurations = (
				73F8487729A4CBAC008C2964 /* Debug */,
				73F8487829A4CBAC008C2964 /* Release */,
			);
			defaultConfigurationIsVisible = 0;
			defaultConfigurationName = Release;
		};
		73F8487929A4CBAC008C2964 /* Build configuration list for PBXNativeTarget "VuelingTechHack" */ = {
			isa = XCConfigurationList;
			buildConfigurations = (
				73F8487A29A4CBAC008C2964 /* Debug */,
				73F8487B29A4CBAC008C2964 /* Release */,
			);
			defaultConfigurationIsVisible = 0;
			defaultConfigurationName = Release;
		};
/* End XCConfigurationList section */
	};
	rootObject = 73F8485D29A4CBAB008C2964 /* Project object */;
}
